// !$*UTF8*$!
{
	archiveVersion = 1;
	classes = {
	};
	objectVersion = 77;
	objects = {

/* Begin PBXBuildFile section */
		878779092DC66F1900E0B666 /* FirebaseAnalytics in Frameworks */ = {isa = PBXBuildFile; productRef = 878779082DC66F1900E0B666 /* FirebaseAnalytics */; };
		8787790B2DC66F1900E0B666 /* FirebaseAuth in Frameworks */ = {isa = PBXBuildFile; productRef = 8787790A2DC66F1900E0B666 /* FirebaseAuth */; };
		8787790D2DC66F1900E0B666 /* FirebaseCore in Frameworks */ = {isa = PBXBuildFile; productRef = 8787790C2DC66F1900E0B666 /* FirebaseCore */; };
		8787790F2DC66F1900E0B666 /* FirebaseDatabase in Frameworks */ = {isa = PBXBuildFile; productRef = 8787790E2DC66F1900E0B666 /* FirebaseDatabase */; };
		878779112DC66F1900E0B666 /* FirebaseFirestore in Frameworks */ = {isa = PBXBuildFile; productRef = 878779102DC66F1900E0B666 /* FirebaseFirestore */; };
		878779132DC66F1900E0B666 /* FirebaseInstallations in Frameworks */ = {isa = PBXBuildFile; productRef = 878779122DC66F1900E0B666 /* FirebaseInstallations */; };
		878779152DC66F1900E0B666 /* FirebaseStorage in Frameworks */ = {isa = PBXBuildFile; productRef = 878779142DC66F1900E0B666 /* FirebaseStorage */; };
/* End PBXBuildFile section */

/* Begin PBXContainerItemProxy section */
		877342262DB5546A0005CED3 /* PBXContainerItemProxy */ = {
			isa = PBXContainerItemProxy;
			containerPortal = 8773420D2DB554680005CED3 /* Project object */;
			proxyType = 1;
			remoteGlobalIDString = 877342142DB554680005CED3;
			remoteInfo = EdgeLab;
		};
		877342302DB5546A0005CED3 /* PBXContainerItemProxy */ = {
			isa = PBXContainerItemProxy;
			containerPortal = 8773420D2DB554680005CED3 /* Project object */;
			proxyType = 1;
			remoteGlobalIDString = 877342142DB554680005CED3;
			remoteInfo = EdgeLab;
		};
/* End PBXContainerItemProxy section */

/* Begin PBXFileReference section */
		877342152DB554680005CED3 /* EdgeLab.app */ = {isa = PBXFileReference; explicitFileType = wrapper.application; includeInIndex = 0; path = EdgeLab.app; sourceTree = BUILT_PRODUCTS_DIR; };
		877342252DB5546A0005CED3 /* EdgeLabTests.xctest */ = {isa = PBXFileReference; explicitFileType = wrapper.cfbundle; includeInIndex = 0; path = EdgeLabTests.xctest; sourceTree = BUILT_PRODUCTS_DIR; };
		8773422F2DB5546A0005CED3 /* EdgeLabUITests.xctest */ = {isa = PBXFileReference; explicitFileType = wrapper.cfbundle; includeInIndex = 0; path = EdgeLabUITests.xctest; sourceTree = BUILT_PRODUCTS_DIR; };
/* End PBXFileReference section */

/* Begin PBXFileSystemSynchronizedRootGroup section */
		877342172DB554680005CED3 /* EdgeLab */ = {
			isa = PBXFileSystemSynchronizedRootGroup;
			path = EdgeLab;
			sourceTree = "<group>";
		};
		877342282DB5546A0005CED3 /* EdgeLabTests */ = {
			isa = PBXFileSystemSynchronizedRootGroup;
			path = EdgeLabTests;
			sourceTree = "<group>";
		};
		877342322DB5546A0005CED3 /* EdgeLabUITests */ = {
			isa = PBXFileSystemSynchronizedRootGroup;
			path = EdgeLabUITests;
			sourceTree = "<group>";
		};
/* End PBXFileSystemSynchronizedRootGroup section */

/* Begin PBXFrameworksBuildPhase section */
		877342122DB554680005CED3 /* Frameworks */ = {
			isa = PBXFrameworksBuildPhase;
			buildActionMask = 2147483647;
			files = (
				878779092DC66F1900E0B666 /* FirebaseAnalytics in Frameworks */,
				8787790D2DC66F1900E0B666 /* FirebaseCore in Frameworks */,
				8787790F2DC66F1900E0B666 /* FirebaseDatabase in Frameworks */,
				878779132DC66F1900E0B666 /* FirebaseInstallations in Frameworks */,
				878779152DC66F1900E0B666 /* FirebaseStorage in Frameworks */,
				878779112DC66F1900E0B666 /* FirebaseFirestore in Frameworks */,
				8787790B2DC66F1900E0B666 /* FirebaseAuth in Frameworks */,
			);
			runOnlyForDeploymentPostprocessing = 0;
		};
		877342222DB5546A0005CED3 /* Frameworks */ = {
			isa = PBXFrameworksBuildPhase;
			buildActionMask = 2147483647;
			files = (
			);
			runOnlyForDeploymentPostprocessing = 0;
		};
		8773422C2DB5546A0005CED3 /* Frameworks */ = {
			isa = PBXFrameworksBuildPhase;
			buildActionMask = 2147483647;
			files = (
			);
			runOnlyForDeploymentPostprocessing = 0;
		};
/* End PBXFrameworksBuildPhase section */

/* Begin PBXGroup section */
		8773420C2DB554680005CED3 = {
			isa = PBXGroup;
			children = (
				877342172DB554680005CED3 /* EdgeLab */,
				877342282DB5546A0005CED3 /* EdgeLabTests */,
				877342322DB5546A0005CED3 /* EdgeLabUITests */,
				877342162DB554680005CED3 /* Products */,
			);
			sourceTree = "<group>";
		};
		877342162DB554680005CED3 /* Products */ = {
			isa = PBXGroup;
			children = (
				877342152DB554680005CED3 /* EdgeLab.app */,
				877342252DB5546A0005CED3 /* EdgeLabTests.xctest */,
				8773422F2DB5546A0005CED3 /* EdgeLabUITests.xctest */,
			);
			name = Products;
			sourceTree = "<group>";
		};
/* End PBXGroup section */

/* Begin PBXNativeTarget section */
		877342142DB554680005CED3 /* EdgeLab */ = {
			isa = PBXNativeTarget;
			buildConfigurationList = 877342392DB5546A0005CED3 /* Build configuration list for PBXNativeTarget "EdgeLab" */;
			buildPhases = (
				877342112DB554680005CED3 /* Sources */,
				877342122DB554680005CED3 /* Frameworks */,
				877342132DB554680005CED3 /* Resources */,
			);
			buildRules = (
			);
			dependencies = (
			);
			fileSystemSynchronizedGroups = (
				877342172DB554680005CED3 /* EdgeLab */,
			);
			name = EdgeLab;
			packageProductDependencies = (
				878779082DC66F1900E0B666 /* FirebaseAnalytics */,
				8787790A2DC66F1900E0B666 /* FirebaseAuth */,
				8787790C2DC66F1900E0B666 /* FirebaseCore */,
				8787790E2DC66F1900E0B666 /* FirebaseDatabase */,
				878779102DC66F1900E0B666 /* FirebaseFirestore */,
				878779122DC66F1900E0B666 /* FirebaseInstallations */,
				878779142DC66F1900E0B666 /* FirebaseStorage */,
			);
			productName = EdgeLab;
			productReference = 877342152DB554680005CED3 /* EdgeLab.app */;
			productType = "com.apple.product-type.application";
		};
		877342242DB5546A0005CED3 /* EdgeLabTests */ = {
			isa = PBXNativeTarget;
			buildConfigurationList = 8773423C2DB5546A0005CED3 /* Build configuration list for PBXNativeTarget "EdgeLabTests" */;
			buildPhases = (
				877342212DB5546A0005CED3 /* Sources */,
				877342222DB5546A0005CED3 /* Frameworks */,
				877342232DB5546A0005CED3 /* Resources */,
			);
			buildRules = (
			);
			dependencies = (
				877342272DB5546A0005CED3 /* PBXTargetDependency */,
			);
			fileSystemSynchronizedGroups = (
				877342282DB5546A0005CED3 /* EdgeLabTests */,
			);
			name = EdgeLabTests;
			packageProductDependencies = (
			);
			productName = EdgeLabTests;
			productReference = 877342252DB5546A0005CED3 /* EdgeLabTests.xctest */;
			productType = "com.apple.product-type.bundle.unit-test";
		};
		8773422E2DB5546A0005CED3 /* EdgeLabUITests */ = {
			isa = PBXNativeTarget;
			buildConfigurationList = 8773423F2DB5546A0005CED3 /* Build configuration list for PBXNativeTarget "EdgeLabUITests" */;
			buildPhases = (
				8773422B2DB5546A0005CED3 /* Sources */,
				8773422C2DB5546A0005CED3 /* Frameworks */,
				8773422D2DB5546A0005CED3 /* Resources */,
			);
			buildRules = (
			);
			dependencies = (
				877342312DB5546A0005CED3 /* PBXTargetDependency */,
			);
			fileSystemSynchronizedGroups = (
				877342322DB5546A0005CED3 /* EdgeLabUITests */,
			);
			name = EdgeLabUITests;
			packageProductDependencies = (
			);
			productName = EdgeLabUITests;
			productReference = 8773422F2DB5546A0005CED3 /* EdgeLabUITests.xctest */;
			productType = "com.apple.product-type.bundle.ui-testing";
		};
/* End PBXNativeTarget section */

/* Begin PBXProject section */
		8773420D2DB554680005CED3 /* Project object */ = {
			isa = PBXProject;
			attributes = {
				BuildIndependentTargetsInParallel = 1;
				LastSwiftUpdateCheck = 1620;
				LastUpgradeCheck = 1620;
				TargetAttributes = {
					877342142DB554680005CED3 = {
						CreatedOnToolsVersion = 16.2;
					};
					877342242DB5546A0005CED3 = {
						CreatedOnToolsVersion = 16.2;
						TestTargetID = 877342142DB554680005CED3;
					};
					8773422E2DB5546A0005CED3 = {
						CreatedOnToolsVersion = 16.2;
						TestTargetID = 877342142DB554680005CED3;
					};
				};
			};
			buildConfigurationList = 877342102DB554680005CED3 /* Build configuration list for PBXProject "EdgeLab" */;
			developmentRegion = en;
			hasScannedForEncodings = 0;
			knownRegions = (
				en,
				Base,
			);
			mainGroup = 8773420C2DB554680005CED3;
			minimizedProjectReferenceProxies = 1;
			packageReferences = (
				878779072DC66F1900E0B666 /* XCRemoteSwiftPackageReference "firebase-ios-sdk" */,
				87E6B2642DC7755C00784863 /* XCRemoteSwiftPackageReference "SwiftCharts" */,
			);
			preferredProjectObjectVersion = 77;
			productRefGroup = 877342162DB554680005CED3 /* Products */;
			projectDirPath = "";
			projectRoot = "";
			targets = (
				877342142DB554680005CED3 /* EdgeLab */,
				877342242DB5546A0005CED3 /* EdgeLabTests */,
				8773422E2DB5546A0005CED3 /* EdgeLabUITests */,
			);
		};
/* End PBXProject section */

/* Begin PBXResourcesBuildPhase section */
		877342132DB554680005CED3 /* Resources */ = {
			isa = PBXResourcesBuildPhase;
			buildActionMask = 2147483647;
			files = (
			);
			runOnlyForDeploymentPostprocessing = 0;
		};
		877342232DB5546A0005CED3 /* Resources */ = {
			isa = PBXResourcesBuildPhase;
			buildActionMask = 2147483647;
			files = (
			);
			runOnlyForDeploymentPostprocessing = 0;
		};
		8773422D2DB5546A0005CED3 /* Resources */ = {
			isa = PBXResourcesBuildPhase;
			buildActionMask = 2147483647;
			files = (
			);
			runOnlyForDeploymentPostprocessing = 0;
		};
/* End PBXResourcesBuildPhase section */

/* Begin PBXSourcesBuildPhase section */
		877342112DB554680005CED3 /* Sources */ = {
			isa = PBXSourcesBuildPhase;
			buildActionMask = 2147483647;
			files = (
			);
			runOnlyForDeploymentPostprocessing = 0;
		};
		877342212DB5546A0005CED3 /* Sources */ = {
			isa = PBXSourcesBuildPhase;
			buildActionMask = 2147483647;
			files = (
			);
			runOnlyForDeploymentPostprocessing = 0;
		};
		8773422B2DB5546A0005CED3 /* Sources */ = {
			isa = PBXSourcesBuildPhase;
			buildActionMask = 2147483647;
			files = (
			);
			runOnlyForDeploymentPostprocessing = 0;
		};
/* End PBXSourcesBuildPhase section */

/* Begin PBXTargetDependency section */
		877342272DB5546A0005CED3 /* PBXTargetDependency */ = {
			isa = PBXTargetDependency;
			target = 877342142DB554680005CED3 /* EdgeLab */;
			targetProxy = 877342262DB5546A0005CED3 /* PBXContainerItemProxy */;
		};
		877342312DB5546A0005CED3 /* PBXTargetDependency */ = {
			isa = PBXTargetDependency;
			target = 877342142DB554680005CED3 /* EdgeLab */;
			targetProxy = 877342302DB5546A0005CED3 /* PBXContainerItemProxy */;
		};
/* End PBXTargetDependency section */

/* Begin XCBuildConfiguration section */
		877342372DB5546A0005CED3 /* Debug */ = {
			isa = XCBuildConfiguration;
			buildSettings = {
				ALWAYS_SEARCH_USER_PATHS = NO;
				ASSETCATALOG_COMPILER_GENERATE_SWIFT_ASSET_SYMBOL_EXTENSIONS = YES;
				CLANG_ANALYZER_NONNULL = YES;
				CLANG_ANALYZER_NUMBER_OBJECT_CONVERSION = YES_AGGRESSIVE;
				CLANG_CXX_LANGUAGE_STANDARD = "gnu++20";
				CLANG_ENABLE_MODULES = YES;
				CLANG_ENABLE_OBJC_ARC = YES;
				CLANG_ENABLE_OBJC_WEAK = YES;
				CLANG_WARN_BLOCK_CAPTURE_AUTORELEASING = YES;
				CLANG_WARN_BOOL_CONVERSION = YES;
				CLANG_WARN_COMMA = YES;
				CLANG_WARN_CONSTANT_CONVERSION = YES;
				CLANG_WARN_DEPRECATED_OBJC_IMPLEMENTATIONS = YES;
				CLANG_WARN_DIRECT_OBJC_ISA_USAGE = YES_ERROR;
				CLANG_WARN_DOCUMENTATION_COMMENTS = YES;
				CLANG_WARN_EMPTY_BODY = YES;
				CLANG_WARN_ENUM_CONVERSION = YES;
				CLANG_WARN_INFINITE_RECURSION = YES;
				CLANG_WARN_INT_CONVERSION = YES;
				CLANG_WARN_NON_LITERAL_NULL_CONVERSION = YES;
				CLANG_WARN_OBJC_IMPLICIT_RETAIN_SELF = YES;
				CLANG_WARN_OBJC_LITERAL_CONVERSION = YES;
				CLANG_WARN_OBJC_ROOT_CLASS = YES_ERROR;
				CLANG_WARN_QUOTED_INCLUDE_IN_FRAMEWORK_HEADER = YES;
				CLANG_WARN_RANGE_LOOP_ANALYSIS = YES;
				CLANG_WARN_STRICT_PROTOTYPES = YES;
				CLANG_WARN_SUSPICIOUS_MOVE = YES;
				CLANG_WARN_UNGUARDED_AVAILABILITY = YES_AGGRESSIVE;
				CLANG_WARN_UNREACHABLE_CODE = YES;
				CLANG_WARN__DUPLICATE_METHOD_MATCH = YES;
				COPY_PHASE_STRIP = NO;
				DEBUG_INFORMATION_FORMAT = dwarf;
				ENABLE_STRICT_OBJC_MSGSEND = YES;
				ENABLE_TESTABILITY = YES;
				ENABLE_USER_SCRIPT_SANDBOXING = YES;
				GCC_C_LANGUAGE_STANDARD = gnu17;
				GCC_DYNAMIC_NO_PIC = NO;
				GCC_NO_COMMON_BLOCKS = YES;
				GCC_OPTIMIZATION_LEVEL = 0;
				GCC_PREPROCESSOR_DEFINITIONS = (
					"DEBUG=1",
					"$(inherited)",
				);
				GCC_WARN_64_TO_32_BIT_CONVERSION = YES;
				GCC_WARN_ABOUT_RETURN_TYPE = YES_ERROR;
				GCC_WARN_UNDECLARED_SELECTOR = YES;
				GCC_WARN_UNINITIALIZED_AUTOS = YES_AGGRESSIVE;
				GCC_WARN_UNUSED_FUNCTION = YES;
				GCC_WARN_UNUSED_VARIABLE = YES;
				IPHONEOS_DEPLOYMENT_TARGET = 18.2;
				LOCALIZATION_PREFERS_STRING_CATALOGS = YES;
				MTL_ENABLE_DEBUG_INFO = INCLUDE_SOURCE;
				MTL_FAST_MATH = YES;
				ONLY_ACTIVE_ARCH = YES;
				SDKROOT = iphoneos;
				SWIFT_ACTIVE_COMPILATION_CONDITIONS = "DEBUG $(inherited)";
				SWIFT_OPTIMIZATION_LEVEL = "-Onone";
			};
			name = Debug;
		};
		877342382DB5546A0005CED3 /* Release */ = {
			isa = XCBuildConfiguration;
			buildSettings = {
				ALWAYS_SEARCH_USER_PATHS = NO;
				ASSETCATALOG_COMPILER_GENERATE_SWIFT_ASSET_SYMBOL_EXTENSIONS = YES;
				CLANG_ANALYZER_NONNULL = YES;
				CLANG_ANALYZER_NUMBER_OBJECT_CONVERSION = YES_AGGRESSIVE;
				CLANG_CXX_LANGUAGE_STANDARD = "gnu++20";
				CLANG_ENABLE_MODULES = YES;
				CLANG_ENABLE_OBJC_ARC = YES;
				CLANG_ENABLE_OBJC_WEAK = YES;
				CLANG_WARN_BLOCK_CAPTURE_AUTORELEASING = YES;
				CLANG_WARN_BOOL_CONVERSION = YES;
				CLANG_WARN_COMMA = YES;
				CLANG_WARN_CONSTANT_CONVERSION = YES;
				CLANG_WARN_DEPRECATED_OBJC_IMPLEMENTATIONS = YES;
				CLANG_WARN_DIRECT_OBJC_ISA_USAGE = YES_ERROR;
				CLANG_WARN_DOCUMENTATION_COMMENTS = YES;
				CLANG_WARN_EMPTY_BODY = YES;
				CLANG_WARN_ENUM_CONVERSION = YES;
				CLANG_WARN_INFINITE_RECURSION = YES;
				CLANG_WARN_INT_CONVERSION = YES;
				CLANG_WARN_NON_LITERAL_NULL_CONVERSION = YES;
				CLANG_WARN_OBJC_IMPLICIT_RETAIN_SELF = YES;
				CLANG_WARN_OBJC_LITERAL_CONVERSION = YES;
				CLANG_WARN_OBJC_ROOT_CLASS = YES_ERROR;
				CLANG_WARN_QUOTED_INCLUDE_IN_FRAMEWORK_HEADER = YES;
				CLANG_WARN_RANGE_LOOP_ANALYSIS = YES;
				CLANG_WARN_STRICT_PROTOTYPES = YES;
				CLANG_WARN_SUSPICIOUS_MOVE = YES;
				CLANG_WARN_UNGUARDED_AVAILABILITY = YES_AGGRESSIVE;
				CLANG_WARN_UNREACHABLE_CODE = YES;
				CLANG_WARN__DUPLICATE_METHOD_MATCH = YES;
				COPY_PHASE_STRIP = NO;
				DEBUG_INFORMATION_FORMAT = "dwarf-with-dsym";
				ENABLE_NS_ASSERTIONS = NO;
				ENABLE_STRICT_OBJC_MSGSEND = YES;
				ENABLE_USER_SCRIPT_SANDBOXING = YES;
				GCC_C_LANGUAGE_STANDARD = gnu17;
				GCC_NO_COMMON_BLOCKS = YES;
				GCC_WARN_64_TO_32_BIT_CONVERSION = YES;
				GCC_WARN_ABOUT_RETURN_TYPE = YES_ERROR;
				GCC_WARN_UNDECLARED_SELECTOR = YES;
				GCC_WARN_UNINITIALIZED_AUTOS = YES_AGGRESSIVE;
				GCC_WARN_UNUSED_FUNCTION = YES;
				GCC_WARN_UNUSED_VARIABLE = YES;
				IPHONEOS_DEPLOYMENT_TARGET = 18.2;
				LOCALIZATION_PREFERS_STRING_CATALOGS = YES;
				MTL_ENABLE_DEBUG_INFO = NO;
				MTL_FAST_MATH = YES;
				SDKROOT = iphoneos;
				SWIFT_COMPILATION_MODE = wholemodule;
				VALIDATE_PRODUCT = YES;
			};
			name = Release;
		};
		8773423A2DB5546A0005CED3 /* Debug */ = {
			isa = XCBuildConfiguration;
			buildSettings = {
				ASSETCATALOG_COMPILER_APPICON_NAME = AppIcon;
				ASSETCATALOG_COMPILER_GLOBAL_ACCENT_COLOR_NAME = AccentColor;
				CODE_SIGN_STYLE = Automatic;
				CURRENT_PROJECT_VERSION = 1;
				DEVELOPMENT_ASSET_PATHS = "\"EdgeLab/Preview Content\"";
				ENABLE_PREVIEWS = YES;
				GENERATE_INFOPLIST_FILE = YES;
				INFOPLIST_KEY_UIApplicationSceneManifest_Generation = YES;
				INFOPLIST_KEY_UIApplicationSupportsIndirectInputEvents = YES;
				INFOPLIST_KEY_UILaunchScreen_Generation = YES;
				INFOPLIST_KEY_UISupportedInterfaceOrientations_iPad = "UIInterfaceOrientationPortrait UIInterfaceOrientationPortraitUpsideDown UIInterfaceOrientationLandscapeLeft UIInterfaceOrientationLandscapeRight";
				INFOPLIST_KEY_UISupportedInterfaceOrientations_iPhone = "UIInterfaceOrientationPortrait UIInterfaceOrientationLandscapeLeft UIInterfaceOrientationLandscapeRight";
				LD_RUNPATH_SEARCH_PATHS = (
					"$(inherited)",
					"@executable_path/Frameworks",
				);
				MARKETING_VERSION = 1.0;
				PRODUCT_BUNDLE_IDENTIFIER = iitapp.EdgeLab;
				PRODUCT_NAME = "$(TARGET_NAME)";
				SWIFT_EMIT_LOC_STRINGS = YES;
				SWIFT_VERSION = 5.0;
				TARGETED_DEVICE_FAMILY = "1,2";
			};
			name = Debug;
		};
		8773423B2DB5546A0005CED3 /* Release */ = {
			isa = XCBuildConfiguration;
			buildSettings = {
				ASSETCATALOG_COMPILER_APPICON_NAME = AppIcon;
				ASSETCATALOG_COMPILER_GLOBAL_ACCENT_COLOR_NAME = AccentColor;
				CODE_SIGN_STYLE = Automatic;
				CURRENT_PROJECT_VERSION = 1;
				DEVELOPMENT_ASSET_PATHS = "\"EdgeLab/Preview Content\"";
				ENABLE_PREVIEWS = YES;
				GENERATE_INFOPLIST_FILE = YES;
				INFOPLIST_KEY_UIApplicationSceneManifest_Generation = YES;
				INFOPLIST_KEY_UIApplicationSupportsIndirectInputEvents = YES;
				INFOPLIST_KEY_UILaunchScreen_Generation = YES;
				INFOPLIST_KEY_UISupportedInterfaceOrientations_iPad = "UIInterfaceOrientationPortrait UIInterfaceOrientationPortraitUpsideDown UIInterfaceOrientationLandscapeLeft UIInterfaceOrientationLandscapeRight";
				INFOPLIST_KEY_UISupportedInterfaceOrientations_iPhone = "UIInterfaceOrientationPortrait UIInterfaceOrientationLandscapeLeft UIInterfaceOrientationLandscapeRight";
				LD_RUNPATH_SEARCH_PATHS = (
					"$(inherited)",
					"@executable_path/Frameworks",
				);
				MARKETING_VERSION = 1.0;
				PRODUCT_BUNDLE_IDENTIFIER = iitapp.EdgeLab;
				PRODUCT_NAME = "$(TARGET_NAME)";
				SWIFT_EMIT_LOC_STRINGS = YES;
				SWIFT_VERSION = 5.0;
				TARGETED_DEVICE_FAMILY = "1,2";
			};
			name = Release;
		};
		8773423D2DB5546A0005CED3 /* Debug */ = {
			isa = XCBuildConfiguration;
			buildSettings = {
				BUNDLE_LOADER = "$(TEST_HOST)";
				CODE_SIGN_STYLE = Automatic;
				CURRENT_PROJECT_VERSION = 1;
				GENERATE_INFOPLIST_FILE = YES;
				IPHONEOS_DEPLOYMENT_TARGET = 18.2;
				MARKETING_VERSION = 1.0;
				PRODUCT_BUNDLE_IDENTIFIER = iitapp.EdgeLabTests;
				PRODUCT_NAME = "$(TARGET_NAME)";
				SWIFT_EMIT_LOC_STRINGS = NO;
				SWIFT_VERSION = 5.0;
				TARGETED_DEVICE_FAMILY = "1,2";
				TEST_HOST = "$(BUILT_PRODUCTS_DIR)/EdgeLab.app/$(BUNDLE_EXECUTABLE_FOLDER_PATH)/EdgeLab";
			};
			name = Debug;
		};
		8773423E2DB5546A0005CED3 /* Release */ = {
			isa = XCBuildConfiguration;
			buildSettings = {
				BUNDLE_LOADER = "$(TEST_HOST)";
				CODE_SIGN_STYLE = Automatic;
				CURRENT_PROJECT_VERSION = 1;
				GENERATE_INFOPLIST_FILE = YES;
				IPHONEOS_DEPLOYMENT_TARGET = 18.2;
				MARKETING_VERSION = 1.0;
				PRODUCT_BUNDLE_IDENTIFIER = iitapp.EdgeLabTests;
				PRODUCT_NAME = "$(TARGET_NAME)";
				SWIFT_EMIT_LOC_STRINGS = NO;
				SWIFT_VERSION = 5.0;
				TARGETED_DEVICE_FAMILY = "1,2";
				TEST_HOST = "$(BUILT_PRODUCTS_DIR)/EdgeLab.app/$(BUNDLE_EXECUTABLE_FOLDER_PATH)/EdgeLab";
			};
			name = Release;
		};
		877342402DB5546A0005CED3 /* Debug */ = {
			isa = XCBuildConfiguration;
			buildSettings = {
				CODE_SIGN_STYLE = Automatic;
				CURRENT_PROJECT_VERSION = 1;
				GENERATE_INFOPLIST_FILE = YES;
				MARKETING_VERSION = 1.0;
				PRODUCT_BUNDLE_IDENTIFIER = iitapp.EdgeLabUITests;
				PRODUCT_NAME = "$(TARGET_NAME)";
				SWIFT_EMIT_LOC_STRINGS = NO;
				SWIFT_VERSION = 5.0;
				TARGETED_DEVICE_FAMILY = "1,2";
				TEST_TARGET_NAME = EdgeLab;
			};
			name = Debug;
		};
		877342412DB5546A0005CED3 /* Release */ = {
			isa = XCBuildConfiguration;
			buildSettings = {
				CODE_SIGN_STYLE = Automatic;
				CURRENT_PROJECT_VERSION = 1;
				GENERATE_INFOPLIST_FILE = YES;
				MARKETING_VERSION = 1.0;
				PRODUCT_BUNDLE_IDENTIFIER = iitapp.EdgeLabUITests;
				PRODUCT_NAME = "$(TARGET_NAME)";
				SWIFT_EMIT_LOC_STRINGS = NO;
				SWIFT_VERSION = 5.0;
				TARGETED_DEVICE_FAMILY = "1,2";
				TEST_TARGET_NAME = EdgeLab;
			};
			name = Release;
		};
/* End XCBuildConfiguration section */

/* Begin XCConfigurationList section */
		877342102DB554680005CED3 /* Build configuration list for PBXProject "EdgeLab" */ = {
			isa = XCConfigurationList;
			buildConfigurations = (
				877342372DB5546A0005CED3 /* Debug */,
				877342382DB5546A0005CED3 /* Release */,
			);
			defaultConfigurationIsVisible = 0;
			defaultConfigurationName = Release;
		};
		877342392DB5546A0005CED3 /* Build configuration list for PBXNativeTarget "EdgeLab" */ = {
			isa = XCConfigurationList;
			buildConfigurations = (
				8773423A2DB5546A0005CED3 /* Debug */,
				8773423B2DB5546A0005CED3 /* Release */,
			);
			defaultConfigurationIsVisible = 0;
			defaultConfigurationName = Release;
		};
		8773423C2DB5546A0005CED3 /* Build configuration list for PBXNativeTarget "EdgeLabTests" */ = {
			isa = XCConfigurationList;
			buildConfigurations = (
				8773423D2DB5546A0005CED3 /* Debug */,
				8773423E2DB5546A0005CED3 /* Release */,
			);
			defaultConfigurationIsVisible = 0;
			defaultConfigurationName = Release;
		};
		8773423F2DB5546A0005CED3 /* Build configuration list for PBXNativeTarget "EdgeLabUITests" */ = {
			isa = XCConfigurationList;
			buildConfigurations = (
				877342402DB5546A0005CED3 /* Debug */,
				877342412DB5546A0005CED3 /* Release */,
			);
			defaultConfigurationIsVisible = 0;
			defaultConfigurationName = Release;
		};
/* End XCConfigurationList section */

/* Begin XCRemoteSwiftPackageReference section */
		878779072DC66F1900E0B666 /* XCRemoteSwiftPackageReference "firebase-ios-sdk" */ = {
			isa = XCRemoteSwiftPackageReference;
			repositoryURL = "https://github.com/firebase/firebase-ios-sdk";
			requirement = {
				kind = upToNextMajorVersion;
				minimumVersion = 11.12.0;
			};
		};
		87E6B2642DC7755C00784863 /* XCRemoteSwiftPackageReference "SwiftCharts" */ = {
			isa = XCRemoteSwiftPackageReference;
			repositoryURL = "https://github.com/i-schuetz/SwiftCharts.git";
			requirement = {
				kind = upToNextMajorVersion;
				minimumVersion = 0.6.5;
			};
		};
/* End XCRemoteSwiftPackageReference section */

/* Begin XCSwiftPackageProductDependency section */
		878779082DC66F1900E0B666 /* FirebaseAnalytics */ = {
			isa = XCSwiftPackageProductDependency;
			package = 878779072DC66F1900E0B666 /* XCRemoteSwiftPackageReference "firebase-ios-sdk" */;
			productName = FirebaseAnalytics;
		};
		8787790A2DC66F1900E0B666 /* FirebaseAuth */ = {
			isa = XCSwiftPackageProductDependency;
			package = 878779072DC66F1900E0B666 /* XCRemoteSwiftPackageReference "firebase-ios-sdk" */;
			productName = FirebaseAuth;
		};
		8787790C2DC66F1900E0B666 /* FirebaseCore */ = {
			isa = XCSwiftPackageProductDependency;
			package = 878779072DC66F1900E0B666 /* XCRemoteSwiftPackageReference "firebase-ios-sdk" */;
			productName = FirebaseCore;
		};
		8787790E2DC66F1900E0B666 /* FirebaseDatabase */ = {
			isa = XCSwiftPackageProductDependency;
			package = 878779072DC66F1900E0B666 /* XCRemoteSwiftPackageReference "firebase-ios-sdk" */;
			productName = FirebaseDatabase;
		};
		878779102DC66F1900E0B666 /* FirebaseFirestore */ = {
			isa = XCSwiftPackageProductDependency;
			package = 878779072DC66F1900E0B666 /* XCRemoteSwiftPackageReference "firebase-ios-sdk" */;
			productName = FirebaseFirestore;
		};
		878779122DC66F1900E0B666 /* FirebaseInstallations */ = {
			isa = XCSwiftPackageProductDependency;
			package = 878779072DC66F1900E0B666 /* XCRemoteSwiftPackageReference "firebase-ios-sdk" */;
			productName = FirebaseInstallations;
		};
		878779142DC66F1900E0B666 /* FirebaseStorage */ = {
			isa = XCSwiftPackageProductDependency;
			package = 878779072DC66F1900E0B666 /* XCRemoteSwiftPackageReference "firebase-ios-sdk" */;
			productName = FirebaseStorage;
		};
/* End XCSwiftPackageProductDependency section */
	};
	rootObject = 8773420D2DB554680005CED3 /* Project object */;
}
